
Microsoft Visual Studio Solution File, Format Version 12.00
# Visual Studio 15
VisualStudioVersion = 15.0.28307.421
MinimumVisualStudioVersion = 10.0.40219.1
Project("{FAE04EC0-301F-11D3-BF4B-00C04F79EFBC}") = "Suyeong.StudyNote.Android", "Suyeong.StudyNote\Suyeong.StudyNote.Android\Suyeong.StudyNote.Android.csproj", "{892F0F77-3332-46D6-B1CB-FAB3500D3046}"
EndProject
Project("{FAE04EC0-301F-11D3-BF4B-00C04F79EFBC}") = "Suyeong.StudyNote.iOS", "Suyeong.StudyNote\Suyeong.StudyNote.iOS\Suyeong.StudyNote.iOS.csproj", "{AD506466-ECD3-43A5-BB8A-46C75358F520}"
EndProject
Project("{FAE04EC0-301F-11D3-BF4B-00C04F79EFBC}") = "Suyeong.StudyNote.UWP", "Suyeong.StudyNote\Suyeong.StudyNote.UWP\Suyeong.StudyNote.UWP.csproj", "{683CDF0A-80C7-4726-9F85-039B6781566F}"
EndProject
Project("{9A19103F-16F7-4668-BE54-9A1E7A4F7556}") = "Suyeong.StudyNote", "Suyeong.StudyNote\Suyeong.StudyNote\Suyeong.StudyNote.csproj", "{068C2C36-6A98-436C-817E-B50A3314899B}"
EndProject
Project("{FAE04EC0-301F-11D3-BF4B-00C04F79EFBC}") = "Suyeong.StudyNote.Server", "Suyeong.StudyNote\Suyeong.StudyNote.Server\Suyeong.StudyNote.Server.csproj", "{23DFDF34-F014-493C-A0C4-F385088AAD8C}"
EndProject
Global
	GlobalSection(SolutionConfigurationPlatforms) = preSolution
		Ad-Hoc|Any CPU = Ad-Hoc|Any CPU
		Ad-Hoc|ARM = Ad-Hoc|ARM
		Ad-Hoc|iPhone = Ad-Hoc|iPhone
		Ad-Hoc|iPhoneSimulator = Ad-Hoc|iPhoneSimulator
		Ad-Hoc|x64 = Ad-Hoc|x64
		Ad-Hoc|x86 = Ad-Hoc|x86
		AppStore|Any CPU = AppStore|Any CPU
		AppStore|ARM = AppStore|ARM
		AppStore|iPhone = AppStore|iPhone
		AppStore|iPhoneSimulator = AppStore|iPhoneSimulator
		AppStore|x64 = AppStore|x64
		AppStore|x86 = AppStore|x86
		Debug|Any CPU = Debug|Any CPU
		Debug|ARM = Debug|ARM
		Debug|iPhone = Debug|iPhone
		Debug|iPhoneSimulator = Debug|iPhoneSimulator
		Debug|x64 = Debug|x64
		Debug|x86 = Debug|x86
		Release|Any CPU = Release|Any CPU
		Release|ARM = Release|ARM
		Release|iPhone = Release|iPhone
		Release|iPhoneSimulator = Release|iPhoneSimulator
		Release|x64 = Release|x64
		Release|x86 = Release|x86
	EndGlobalSection
	GlobalSection(ProjectConfigurationPlatforms) = postSolution
		{892F0F77-3332-46D6-B1CB-FAB3500D3046}.Ad-Hoc|Any CPU.ActiveCfg = Release|Any CPU
		{892F0F77-3332-46D6-B1CB-FAB3500D3046}.Ad-Hoc|Any CPU.Build.0 = Release|Any CPU
		{892F0F77-3332-46D6-B1CB-FAB3500D3046}.Ad-Hoc|Any CPU.Deploy.0 = Release|Any CPU
		{892F0F77-3332-46D6-B1CB-FAB3500D3046}.Ad-Hoc|ARM.ActiveCfg = Release|Any CPU
		{892F0F77-3332-46D6-B1CB-FAB3500D3046}.Ad-Hoc|ARM.Build.0 = Release|Any CPU
		{892F0F77-3332-46D6-B1CB-FAB3500D3046}.Ad-Hoc|ARM.Deploy.0 = Release|Any CPU
		{892F0F77-3332-46D6-B1CB-FAB3500D3046}.Ad-Hoc|iPhone.ActiveCfg = Release|Any CPU
		{892F0F77-3332-46D6-B1CB-FAB3500D3046}.Ad-Hoc|iPhone.Build.0 = Release|Any CPU
		{892F0F77-3332-46D6-B1CB-FAB3500D3046}.Ad-Hoc|iPhone.Deploy.0 = Release|Any CPU
		{892F0F77-3332-46D6-B1CB-FAB3500D3046}.Ad-Hoc|iPhoneSimulator.ActiveCfg = Release|Any CPU
		{892F0F77-3332-46D6-B1CB-FAB3500D3046}.Ad-Hoc|iPhoneSimulator.Build.0 = Release|Any CPU
		{892F0F77-3332-46D6-B1CB-FAB3500D3046}.Ad-Hoc|iPhoneSimulator.Deploy.0 = Release|Any CPU
		{892F0F77-3332-46D6-B1CB-FAB3500D3046}.Ad-Hoc|x64.ActiveCfg = Release|Any CPU
		{892F0F77-3332-46D6-B1CB-FAB3500D3046}.Ad-Hoc|x64.Build.0 = Release|Any CPU
		{892F0F77-3332-46D6-B1CB-FAB3500D3046}.Ad-Hoc|x64.Deploy.0 = Release|Any CPU
		{892F0F77-3332-46D6-B1CB-FAB3500D3046}.Ad-Hoc|x86.ActiveCfg = Release|Any CPU
		{892F0F77-3332-46D6-B1CB-FAB3500D3046}.Ad-Hoc|x86.Build.0 = Release|Any CPU
		{892F0F77-3332-46D6-B1CB-FAB3500D3046}.Ad-Hoc|x86.Deploy.0 = Release|Any CPU
		{892F0F77-3332-46D6-B1CB-FAB3500D3046}.AppStore|Any CPU.ActiveCfg = Release|Any CPU
		{892F0F77-3332-46D6-B1CB-FAB3500D3046}.AppStore|Any CPU.Build.0 = Release|Any CPU
		{892F0F77-3332-46D6-B1CB-FAB3500D3046}.AppStore|Any CPU.Deploy.0 = Release|Any CPU
		{892F0F77-3332-46D6-B1CB-FAB3500D3046}.AppStore|ARM.ActiveCfg = Release|Any CPU
		{892F0F77-3332-46D6-B1CB-FAB3500D3046}.AppStore|ARM.Build.0 = Release|Any CPU
		{892F0F77-3332-46D6-B1CB-FAB3500D3046}.AppStore|ARM.Deploy.0 = Release|Any CPU
		{892F0F77-3332-46D6-B1CB-FAB3500D3046}.AppStore|iPhone.ActiveCfg = Release|Any CPU
		{892F0F77-3332-46D6-B1CB-FAB3500D3046}.AppStore|iPhone.Build.0 = Release|Any CPU
		{892F0F77-3332-46D6-B1CB-FAB3500D3046}.AppStore|iPhone.Deploy.0 = Release|Any CPU
		{892F0F77-3332-46D6-B1CB-FAB3500D3046}.AppStore|iPhoneSimulator.ActiveCfg = Release|Any CPU
		{892F0F77-3332-46D6-B1CB-FAB3500D3046}.AppStore|iPhoneSimulator.Build.0 = Release|Any CPU
		{892F0F77-3332-46D6-B1CB-FAB3500D3046}.AppStore|iPhoneSimulator.Deploy.0 = Release|Any CPU
		{892F0F77-3332-46D6-B1CB-FAB3500D3046}.AppStore|x64.ActiveCfg = Release|Any CPU
		{892F0F77-3332-46D6-B1CB-FAB3500D3046}.AppStore|x64.Build.0 = Release|Any CPU
		{892F0F77-3332-46D6-B1CB-FAB3500D3046}.AppStore|x64.Deploy.0 = Release|Any CPU
		{892F0F77-3332-46D6-B1CB-FAB3500D3046}.AppStore|x86.ActiveCfg = Release|Any CPU
		{892F0F77-3332-46D6-B1CB-FAB3500D3046}.AppStore|x86.Build.0 = Release|Any CPU
		{892F0F77-3332-46D6-B1CB-FAB3500D3046}.AppStore|x86.Deploy.0 = Release|Any CPU
		{892F0F77-3332-46D6-B1CB-FAB3500D3046}.Debug|Any CPU.ActiveCfg = Debug|Any CPU
		{892F0F77-3332-46D6-B1CB-FAB3500D3046}.Debug|Any CPU.Build.0 = Debug|Any CPU
		{892F0F77-3332-46D6-B1CB-FAB3500D3046}.Debug|Any CPU.Deploy.0 = Debug|Any CPU
		{892F0F77-3332-46D6-B1CB-FAB3500D3046}.Debug|ARM.ActiveCfg = Debug|Any CPU
		{892F0F77-3332-46D6-B1CB-FAB3500D3046}.Debug|ARM.Build.0 = Debug|Any CPU
		{892F0F77-3332-46D6-B1CB-FAB3500D3046}.Debug|ARM.Deploy.0 = Debug|Any CPU
		{892F0F77-3332-46D6-B1CB-FAB3500D3046}.Debug|iPhone.ActiveCfg = Debug|Any CPU
		{892F0F77-3332-46D6-B1CB-FAB3500D3046}.Debug|iPhone.Build.0 = Debug|Any CPU
		{892F0F77-3332-46D6-B1CB-FAB3500D3046}.Debug|iPhone.Deploy.0 = Debug|Any CPU
		{892F0F77-3332-46D6-B1CB-FAB3500D3046}.Debug|iPhoneSimulator.ActiveCfg = Debug|Any CPU
		{892F0F77-3332-46D6-B1CB-FAB3500D3046}.Debug|iPhoneSimulator.Build.0 = Debug|Any CPU
		{892F0F77-3332-46D6-B1CB-FAB3500D3046}.Debug|iPhoneSimulator.Deploy.0 = Debug|Any CPU
		{892F0F77-3332-46D6-B1CB-FAB3500D3046}.Debug|x64.ActiveCfg = Debug|Any CPU
		{892F0F77-3332-46D6-B1CB-FAB3500D3046}.Debug|x64.Build.0 = Debug|Any CPU
		{892F0F77-3332-46D6-B1CB-FAB3500D3046}.Debug|x64.Deploy.0 = Debug|Any CPU
		{892F0F77-3332-46D6-B1CB-FAB3500D3046}.Debug|x86.ActiveCfg = Debug|Any CPU
		{892F0F77-3332-46D6-B1CB-FAB3500D3046}.Debug|x86.Build.0 = Debug|Any CPU
		{892F0F77-3332-46D6-B1CB-FAB3500D3046}.Debug|x86.Deploy.0 = Debug|Any CPU
		{892F0F77-3332-46D6-B1CB-FAB3500D3046}.Release|Any CPU.ActiveCfg = Release|Any CPU
		{892F0F77-3332-46D6-B1CB-FAB3500D3046}.Release|Any CPU.Build.0 = Release|Any CPU
		{892F0F77-3332-46D6-B1CB-FAB3500D3046}.Release|Any CPU.Deploy.0 = Release|Any CPU
		{892F0F77-3332-46D6-B1CB-FAB3500D3046}.Release|ARM.ActiveCfg = Release|Any CPU
		{892F0F77-3332-46D6-B1CB-FAB3500D3046}.Release|ARM.Build.0 = Release|Any CPU
		{892F0F77-3332-46D6-B1CB-FAB3500D3046}.Release|ARM.Deploy.0 = Release|Any CPU
		{892F0F77-3332-46D6-B1CB-FAB3500D3046}.Release|iPhone.ActiveCfg = Release|Any CPU
		{892F0F77-3332-46D6-B1CB-FAB3500D3046}.Release|iPhone.Build.0 = Release|Any CPU
		{892F0F77-3332-46D6-B1CB-FAB3500D3046}.Release|iPhone.Deploy.0 = Release|Any CPU
		{892F0F77-3332-46D6-B1CB-FAB3500D3046}.Release|iPhoneSimulator.ActiveCfg = Release|Any CPU
		{892F0F77-3332-46D6-B1CB-FAB3500D3046}.Release|iPhoneSimulator.Build.0 = Release|Any CPU
		{892F0F77-3332-46D6-B1CB-FAB3500D3046}.Release|iPhoneSimulator.Deploy.0 = Release|Any CPU
		{892F0F77-3332-46D6-B1CB-FAB3500D3046}.Release|x64.ActiveCfg = Release|Any CPU
		{892F0F77-3332-46D6-B1CB-FAB3500D3046}.Release|x64.Build.0 = Release|Any CPU
		{892F0F77-3332-46D6-B1CB-FAB3500D3046}.Release|x64.Deploy.0 = Release|Any CPU
		{892F0F77-3332-46D6-B1CB-FAB3500D3046}.Release|x86.ActiveCfg = Release|Any CPU
		{892F0F77-3332-46D6-B1CB-FAB3500D3046}.Release|x86.Build.0 = Release|Any CPU
		{892F0F77-3332-46D6-B1CB-FAB3500D3046}.Release|x86.Deploy.0 = Release|Any CPU
		{AD506466-ECD3-43A5-BB8A-46C75358F520}.Ad-Hoc|Any CPU.ActiveCfg = Ad-Hoc|iPhone
		{AD506466-ECD3-43A5-BB8A-46C75358F520}.Ad-Hoc|Any CPU.Build.0 = Ad-Hoc|iPhone
		{AD506466-ECD3-43A5-BB8A-46C75358F520}.Ad-Hoc|Any CPU.Deploy.0 = Ad-Hoc|iPhone
		{AD506466-ECD3-43A5-BB8A-46C75358F520}.Ad-Hoc|ARM.ActiveCfg = Ad-Hoc|iPhone
		{AD506466-ECD3-43A5-BB8A-46C75358F520}.Ad-Hoc|ARM.Build.0 = Ad-Hoc|iPhone
		{AD506466-ECD3-43A5-BB8A-46C75358F520}.Ad-Hoc|ARM.Deploy.0 = Ad-Hoc|iPhone
		{AD506466-ECD3-43A5-BB8A-46C75358F520}.Ad-Hoc|iPhone.ActiveCfg = Ad-Hoc|iPhone
		{AD506466-ECD3-43A5-BB8A-46C75358F520}.Ad-Hoc|iPhone.Build.0 = Ad-Hoc|iPhone
		{AD506466-ECD3-43A5-BB8A-46C75358F520}.Ad-Hoc|iPhone.Deploy.0 = Ad-Hoc|iPhone
		{AD506466-ECD3-43A5-BB8A-46C75358F520}.Ad-Hoc|iPhoneSimulator.ActiveCfg = Ad-Hoc|iPhoneSimulator
		{AD506466-ECD3-43A5-BB8A-46C75358F520}.Ad-Hoc|iPhoneSimulator.Build.0 = Ad-Hoc|iPhoneSimulator
		{AD506466-ECD3-43A5-BB8A-46C75358F520}.Ad-Hoc|iPhoneSimulator.Deploy.0 = Ad-Hoc|iPhoneSimulator
		{AD506466-ECD3-43A5-BB8A-46C75358F520}.Ad-Hoc|x64.ActiveCfg = Ad-Hoc|iPhone
		{AD506466-ECD3-43A5-BB8A-46C75358F520}.Ad-Hoc|x64.Build.0 = Ad-Hoc|iPhone
		{AD506466-ECD3-43A5-BB8A-46C75358F520}.Ad-Hoc|x64.Deploy.0 = Ad-Hoc|iPhone
		{AD506466-ECD3-43A5-BB8A-46C75358F520}.Ad-Hoc|x86.ActiveCfg = Ad-Hoc|iPhone
		{AD506466-ECD3-43A5-BB8A-46C75358F520}.Ad-Hoc|x86.Build.0 = Ad-Hoc|iPhone
		{AD506466-ECD3-43A5-BB8A-46C75358F520}.Ad-Hoc|x86.Deploy.0 = Ad-Hoc|iPhone
		{AD506466-ECD3-43A5-BB8A-46C75358F520}.AppStore|Any CPU.ActiveCfg = AppStore|iPhone
		{AD506466-ECD3-43A5-BB8A-46C75358F520}.AppStore|Any CPU.Build.0 = AppStore|iPhone
		{AD506466-ECD3-43A5-BB8A-46C75358F520}.AppStore|Any CPU.Deploy.0 = AppStore|iPhone
		{AD506466-ECD3-43A5-BB8A-46C75358F520}.AppStore|ARM.ActiveCfg = AppStore|iPhone
		{AD506466-ECD3-43A5-BB8A-46C75358F520}.AppStore|ARM.Build.0 = AppStore|iPhone
		{AD506466-ECD3-43A5-BB8A-46C75358F520}.AppStore|ARM.Deploy.0 = AppStore|iPhone
		{AD506466-ECD3-43A5-BB8A-46C75358F520}.AppStore|iPhone.ActiveCfg = AppStore|iPhone
		{AD506466-ECD3-43A5-BB8A-46C75358F520}.AppStore|iPhone.Build.0 = AppStore|iPhone
		{AD506466-ECD3-43A5-BB8A-46C75358F520}.AppStore|iPhone.Deploy.0 = AppStore|iPhone
		{AD506466-ECD3-43A5-BB8A-46C75358F520}.AppStore|iPhoneSimulator.ActiveCfg = AppStore|iPhoneSimulator
		{AD506466-ECD3-43A5-BB8A-46C75358F520}.AppStore|iPhoneSimulator.Build.0 = AppStore|iPhoneSimulator
		{AD506466-ECD3-43A5-BB8A-46C75358F520}.AppStore|iPhoneSimulator.Deploy.0 = AppStore|iPhoneSimulator
		{AD506466-ECD3-43A5-BB8A-46C75358F520}.AppStore|x64.ActiveCfg = AppStore|iPhone
		{AD506466-ECD3-43A5-BB8A-46C75358F520}.AppStore|x64.Build.0 = AppStore|iPhone
		{AD506466-ECD3-43A5-BB8A-46C75358F520}.AppStore|x64.Deploy.0 = AppStore|iPhone
		{AD506466-ECD3-43A5-BB8A-46C75358F520}.AppStore|x86.ActiveCfg = AppStore|iPhone
		{AD506466-ECD3-43A5-BB8A-46C75358F520}.AppStore|x86.Build.0 = AppStore|iPhone
		{AD506466-ECD3-43A5-BB8A-46C75358F520}.AppStore|x86.Deploy.0 = AppStore|iPhone
		{AD506466-ECD3-43A5-BB8A-46C75358F520}.Debug|Any CPU.ActiveCfg = Debug|iPhoneSimulator
		{AD506466-ECD3-43A5-BB8A-46C75358F520}.Debug|Any CPU.Build.0 = Debug|iPhoneSimulator
		{AD506466-ECD3-43A5-BB8A-46C75358F520}.Debug|Any CPU.Deploy.0 = Debug|iPhoneSimulator
		{AD506466-ECD3-43A5-BB8A-46C75358F520}.Debug|ARM.ActiveCfg = Debug|iPhone
		{AD506466-ECD3-43A5-BB8A-46C75358F520}.Debug|ARM.Build.0 = Debug|iPhone
		{AD506466-ECD3-43A5-BB8A-46C75358F520}.Debug|ARM.Deploy.0 = Debug|iPhone
		{AD506466-ECD3-43A5-BB8A-46C75358F520}.Debug|iPhone.ActiveCfg = Debug|iPhone
		{AD506466-ECD3-43A5-BB8A-46C75358F520}.Debug|iPhone.Build.0 = Debug|iPhone
		{AD506466-ECD3-43A5-BB8A-46C75358F520}.Debug|iPhone.Deploy.0 = Debug|iPhone
		{AD506466-ECD3-43A5-BB8A-46C75358F520}.Debug|iPhoneSimulator.ActiveCfg = Debug|iPhoneSimulator
		{AD506466-ECD3-43A5-BB8A-46C75358F520}.Debug|iPhoneSimulator.Build.0 = Debug|iPhoneSimulator
		{AD506466-ECD3-43A5-BB8A-46C75358F520}.Debug|iPhoneSimulator.Deploy.0 = Debug|iPhoneSimulator
		{AD506466-ECD3-43A5-BB8A-46C75358F520}.Debug|x64.ActiveCfg = Debug|iPhone
		{AD506466-ECD3-43A5-BB8A-46C75358F520}.Debug|x64.Build.0 = Debug|iPhone
		{AD506466-ECD3-43A5-BB8A-46C75358F520}.Debug|x64.Deploy.0 = Debug|iPhone
		{AD506466-ECD3-43A5-BB8A-46C75358F520}.Debug|x86.ActiveCfg = Debug|iPhone
		{AD506466-ECD3-43A5-BB8A-46C75358F520}.Debug|x86.Build.0 = Debug|iPhone
		{AD506466-ECD3-43A5-BB8A-46C75358F520}.Debug|x86.Deploy.0 = Debug|iPhone
		{AD506466-ECD3-43A5-BB8A-46C75358F520}.Release|Any CPU.ActiveCfg = Release|iPhone
		{AD506466-ECD3-43A5-BB8A-46C75358F520}.Release|Any CPU.Build.0 = Release|iPhone
		{AD506466-ECD3-43A5-BB8A-46C75358F520}.Release|Any CPU.Deploy.0 = Release|iPhone
		{AD506466-ECD3-43A5-BB8A-46C75358F520}.Release|ARM.ActiveCfg = Release|iPhone
		{AD506466-ECD3-43A5-BB8A-46C75358F520}.Release|ARM.Build.0 = Release|iPhone
		{AD506466-ECD3-43A5-BB8A-46C75358F520}.Release|ARM.Deploy.0 = Release|iPhone
		{AD506466-ECD3-43A5-BB8A-46C75358F520}.Release|iPhone.ActiveCfg = Release|iPhone
		{AD506466-ECD3-43A5-BB8A-46C75358F520}.Release|iPhone.Build.0 = Release|iPhone
		{AD506466-ECD3-43A5-BB8A-46C75358F520}.Release|iPhone.Deploy.0 = Release|iPhone
		{AD506466-ECD3-43A5-BB8A-46C75358F520}.Release|iPhoneSimulator.ActiveCfg = Release|iPhoneSimulator
		{AD506466-ECD3-43A5-BB8A-46C75358F520}.Release|iPhoneSimulator.Build.0 = Release|iPhoneSimulator
		{AD506466-ECD3-43A5-BB8A-46C75358F520}.Release|iPhoneSimulator.Deploy.0 = Release|iPhoneSimulator
		{AD506466-ECD3-43A5-BB8A-46C75358F520}.Release|x64.ActiveCfg = Release|iPhone
		{AD506466-ECD3-43A5-BB8A-46C75358F520}.Release|x64.Build.0 = Release|iPhone
		{AD506466-ECD3-43A5-BB8A-46C75358F520}.Release|x64.Deploy.0 = Release|iPhone
		{AD506466-ECD3-43A5-BB8A-46C75358F520}.Release|x86.ActiveCfg = Release|iPhone
		{AD506466-ECD3-43A5-BB8A-46C75358F520}.Release|x86.Build.0 = Release|iPhone
		{AD506466-ECD3-43A5-BB8A-46C75358F520}.Release|x86.Deploy.0 = Release|iPhone
		{683CDF0A-80C7-4726-9F85-039B6781566F}.Ad-Hoc|Any CPU.ActiveCfg = Release|x86
		{683CDF0A-80C7-4726-9F85-039B6781566F}.Ad-Hoc|Any CPU.Build.0 = Release|x86
		{683CDF0A-80C7-4726-9F85-039B6781566F}.Ad-Hoc|Any CPU.Deploy.0 = Release|x86
		{683CDF0A-80C7-4726-9F85-039B6781566F}.Ad-Hoc|ARM.ActiveCfg = Release|ARM
		{683CDF0A-80C7-4726-9F85-039B6781566F}.Ad-Hoc|ARM.Build.0 = Release|ARM
		{683CDF0A-80C7-4726-9F85-039B6781566F}.Ad-Hoc|ARM.Deploy.0 = Release|ARM
		{683CDF0A-80C7-4726-9F85-039B6781566F}.Ad-Hoc|iPhone.ActiveCfg = Release|x86
		{683CDF0A-80C7-4726-9F85-039B6781566F}.Ad-Hoc|iPhone.Build.0 = Release|x86
		{683CDF0A-80C7-4726-9F85-039B6781566F}.Ad-Hoc|iPhone.Deploy.0 = Release|x86
		{683CDF0A-80C7-4726-9F85-039B6781566F}.Ad-Hoc|iPhoneSimulator.ActiveCfg = Release|x86
		{683CDF0A-80C7-4726-9F85-039B6781566F}.Ad-Hoc|iPhoneSimulator.Build.0 = Release|x86
		{683CDF0A-80C7-4726-9F85-039B6781566F}.Ad-Hoc|iPhoneSimulator.Deploy.0 = Release|x86
		{683CDF0A-80C7-4726-9F85-039B6781566F}.Ad-Hoc|x64.ActiveCfg = Release|x64
		{683CDF0A-80C7-4726-9F85-039B6781566F}.Ad-Hoc|x64.Build.0 = Release|x64
		{683CDF0A-80C7-4726-9F85-039B6781566F}.Ad-Hoc|x64.Deploy.0 = Release|x64
		{683CDF0A-80C7-4726-9F85-039B6781566F}.Ad-Hoc|x86.ActiveCfg = Release|x86
		{683CDF0A-80C7-4726-9F85-039B6781566F}.Ad-Hoc|x86.Build.0 = Release|x86
		{683CDF0A-80C7-4726-9F85-039B6781566F}.Ad-Hoc|x86.Deploy.0 = Release|x86
		{683CDF0A-80C7-4726-9F85-039B6781566F}.AppStore|Any CPU.ActiveCfg = Release|x86
		{683CDF0A-80C7-4726-9F85-039B6781566F}.AppStore|Any CPU.Build.0 = Release|x86
		{683CDF0A-80C7-4726-9F85-039B6781566F}.AppStore|Any CPU.Deploy.0 = Release|x86
		{683CDF0A-80C7-4726-9F85-039B6781566F}.AppStore|ARM.ActiveCfg = Release|ARM
		{683CDF0A-80C7-4726-9F85-039B6781566F}.AppStore|ARM.Build.0 = Release|ARM
		{683CDF0A-80C7-4726-9F85-039B6781566F}.AppStore|ARM.Deploy.0 = Release|ARM
		{683CDF0A-80C7-4726-9F85-039B6781566F}.AppStore|iPhone.ActiveCfg = Release|x86
		{683CDF0A-80C7-4726-9F85-039B6781566F}.AppStore|iPhone.Build.0 = Release|x86
		{683CDF0A-80C7-4726-9F85-039B6781566F}.AppStore|iPhone.Deploy.0 = Release|x86
		{683CDF0A-80C7-4726-9F85-039B6781566F}.AppStore|iPhoneSimulator.ActiveCfg = Release|x86
		{683CDF0A-80C7-4726-9F85-039B6781566F}.AppStore|iPhoneSimulator.Build.0 = Release|x86
		{683CDF0A-80C7-4726-9F85-039B6781566F}.AppStore|iPhoneSimulator.Deploy.0 = Release|x86
		{683CDF0A-80C7-4726-9F85-039B6781566F}.AppStore|x64.ActiveCfg = Release|x64
		{683CDF0A-80C7-4726-9F85-039B6781566F}.AppStore|x64.Build.0 = Release|x64
		{683CDF0A-80C7-4726-9F85-039B6781566F}.AppStore|x64.Deploy.0 = Release|x64
		{683CDF0A-80C7-4726-9F85-039B6781566F}.AppStore|x86.ActiveCfg = Release|x86
		{683CDF0A-80C7-4726-9F85-039B6781566F}.AppStore|x86.Build.0 = Release|x86
		{683CDF0A-80C7-4726-9F85-039B6781566F}.AppStore|x86.Deploy.0 = Release|x86
		{683CDF0A-80C7-4726-9F85-039B6781566F}.Debug|Any CPU.ActiveCfg = Debug|x86
		{683CDF0A-80C7-4726-9F85-039B6781566F}.Debug|Any CPU.Build.0 = Debug|x86
		{683CDF0A-80C7-4726-9F85-039B6781566F}.Debug|Any CPU.Deploy.0 = Debug|x86
		{683CDF0A-80C7-4726-9F85-039B6781566F}.Debug|ARM.ActiveCfg = Debug|ARM
		{683CDF0A-80C7-4726-9F85-039B6781566F}.Debug|ARM.Build.0 = Debug|ARM
		{683CDF0A-80C7-4726-9F85-039B6781566F}.Debug|ARM.Deploy.0 = Debug|ARM
		{683CDF0A-80C7-4726-9F85-039B6781566F}.Debug|iPhone.ActiveCfg = Debug|x86
		{683CDF0A-80C7-4726-9F85-039B6781566F}.Debug|iPhone.Build.0 = Debug|x86
		{683CDF0A-80C7-4726-9F85-039B6781566F}.Debug|iPhone.Deploy.0 = Debug|x86
		{683CDF0A-80C7-4726-9F85-039B6781566F}.Debug|iPhoneSimulator.ActiveCfg = Debug|x86
		{683CDF0A-80C7-4726-9F85-039B6781566F}.Debug|iPhoneSimulator.Build.0 = Debug|x86
		{683CDF0A-80C7-4726-9F85-039B6781566F}.Debug|iPhoneSimulator.Deploy.0 = Debug|x86
		{683CDF0A-80C7-4726-9F85-039B6781566F}.Debug|x64.ActiveCfg = Debug|x64
		{683CDF0A-80C7-4726-9F85-039B6781566F}.Debug|x64.Build.0 = Debug|x64
		{683CDF0A-80C7-4726-9F85-039B6781566F}.Debug|x64.Deploy.0 = Debug|x64
		{683CDF0A-80C7-4726-9F85-039B6781566F}.Debug|x86.ActiveCfg = Debug|x86
		{683CDF0A-80C7-4726-9F85-039B6781566F}.Debug|x86.Build.0 = Debug|x86
		{683CDF0A-80C7-4726-9F85-039B6781566F}.Debug|x86.Deploy.0 = Debug|x86
		{683CDF0A-80C7-4726-9F85-039B6781566F}.Release|Any CPU.ActiveCfg = Release|x86
		{683CDF0A-80C7-4726-9F85-039B6781566F}.Release|Any CPU.Build.0 = Release|x86
		{683CDF0A-80C7-4726-9F85-039B6781566F}.Release|Any CPU.Deploy.0 = Release|x86
		{683CDF0A-80C7-4726-9F85-039B6781566F}.Release|ARM.ActiveCfg = Release|ARM
		{683CDF0A-80C7-4726-9F85-039B6781566F}.Release|ARM.Build.0 = Release|ARM
		{683CDF0A-80C7-4726-9F85-039B6781566F}.Release|ARM.Deploy.0 = Release|ARM
		{683CDF0A-80C7-4726-9F85-039B6781566F}.Release|iPhone.ActiveCfg = Release|x86
		{683CDF0A-80C7-4726-9F85-039B6781566F}.Release|iPhone.Build.0 = Release|x86
		{683CDF0A-80C7-4726-9F85-039B6781566F}.Release|iPhone.Deploy.0 = Release|x86
		{683CDF0A-80C7-4726-9F85-039B6781566F}.Release|iPhoneSimulator.ActiveCfg = Release|x86
		{683CDF0A-80C7-4726-9F85-039B6781566F}.Release|iPhoneSimulator.Build.0 = Release|x86
		{683CDF0A-80C7-4726-9F85-039B6781566F}.Release|iPhoneSimulator.Deploy.0 = Release|x86
		{683CDF0A-80C7-4726-9F85-039B6781566F}.Release|x64.ActiveCfg = Release|x64
		{683CDF0A-80C7-4726-9F85-039B6781566F}.Release|x64.Build.0 = Release|x64
		{683CDF0A-80C7-4726-9F85-039B6781566F}.Release|x64.Deploy.0 = Release|x64
		{683CDF0A-80C7-4726-9F85-039B6781566F}.Release|x86.ActiveCfg = Release|x86
		{683CDF0A-80C7-4726-9F85-039B6781566F}.Release|x86.Build.0 = Release|x86
		{683CDF0A-80C7-4726-9F85-039B6781566F}.Release|x86.Deploy.0 = Release|x86
		{068C2C36-6A98-436C-817E-B50A3314899B}.Ad-Hoc|Any CPU.ActiveCfg = Debug|Any CPU
		{068C2C36-6A98-436C-817E-B50A3314899B}.Ad-Hoc|Any CPU.Build.0 = Debug|Any CPU
		{068C2C36-6A98-436C-817E-B50A3314899B}.Ad-Hoc|Any CPU.Deploy.0 = Debug|Any CPU
		{068C2C36-6A98-436C-817E-B50A3314899B}.Ad-Hoc|ARM.ActiveCfg = Debug|Any CPU
		{068C2C36-6A98-436C-817E-B50A3314899B}.Ad-Hoc|ARM.Build.0 = Debug|Any CPU
		{068C2C36-6A98-436C-817E-B50A3314899B}.Ad-Hoc|ARM.Deploy.0 = Debug|Any CPU
		{068C2C36-6A98-436C-817E-B50A3314899B}.Ad-Hoc|iPhone.ActiveCfg = Debug|Any CPU
		{068C2C36-6A98-436C-817E-B50A3314899B}.Ad-Hoc|iPhone.Build.0 = Debug|Any CPU
		{068C2C36-6A98-436C-817E-B50A3314899B}.Ad-Hoc|iPhone.Deploy.0 = Debug|Any CPU
		{068C2C36-6A98-436C-817E-B50A3314899B}.Ad-Hoc|iPhoneSimulator.ActiveCfg = Debug|Any CPU
		{068C2C36-6A98-436C-817E-B50A3314899B}.Ad-Hoc|iPhoneSimulator.Build.0 = Debug|Any CPU
		{068C2C36-6A98-436C-817E-B50A3314899B}.Ad-Hoc|iPhoneSimulator.Deploy.0 = Debug|Any CPU
		{068C2C36-6A98-436C-817E-B50A3314899B}.Ad-Hoc|x64.ActiveCfg = Debug|Any CPU
		{068C2C36-6A98-436C-817E-B50A3314899B}.Ad-Hoc|x64.Build.0 = Debug|Any CPU
		{068C2C36-6A98-436C-817E-B50A3314899B}.Ad-Hoc|x64.Deploy.0 = Debug|Any CPU
		{068C2C36-6A98-436C-817E-B50A3314899B}.Ad-Hoc|x86.ActiveCfg = Debug|Any CPU
		{068C2C36-6A98-436C-817E-B50A3314899B}.Ad-Hoc|x86.Build.0 = Debug|Any CPU
		{068C2C36-6A98-436C-817E-B50A3314899B}.Ad-Hoc|x86.Deploy.0 = Debug|Any CPU
		{068C2C36-6A98-436C-817E-B50A3314899B}.AppStore|Any CPU.ActiveCfg = Debug|Any CPU
		{068C2C36-6A98-436C-817E-B50A3314899B}.AppStore|Any CPU.Build.0 = Debug|Any CPU
		{068C2C36-6A98-436C-817E-B50A3314899B}.AppStore|Any CPU.Deploy.0 = Debug|Any CPU
		{068C2C36-6A98-436C-817E-B50A3314899B}.AppStore|ARM.ActiveCfg = Debug|Any CPU
		{068C2C36-6A98-436C-817E-B50A3314899B}.AppStore|ARM.Build.0 = Debug|Any CPU
		{068C2C36-6A98-436C-817E-B50A3314899B}.AppStore|ARM.Deploy.0 = Debug|Any CPU
		{068C2C36-6A98-436C-817E-B50A3314899B}.AppStore|iPhone.ActiveCfg = Debug|Any CPU
		{068C2C36-6A98-436C-817E-B50A3314899B}.AppStore|iPhone.Build.0 = Debug|Any CPU
		{068C2C36-6A98-436C-817E-B50A3314899B}.AppStore|iPhone.Deploy.0 = Debug|Any CPU
		{068C2C36-6A98-436C-817E-B50A3314899B}.AppStore|iPhoneSimulator.ActiveCfg = Debug|Any CPU
		{068C2C36-6A98-436C-817E-B50A3314899B}.AppStore|iPhoneSimulator.Build.0 = Debug|Any CPU
		{068C2C36-6A98-436C-817E-B50A3314899B}.AppStore|iPhoneSimulator.Deploy.0 = Debug|Any CPU
		{068C2C36-6A98-436C-817E-B50A3314899B}.AppStore|x64.ActiveCfg = Debug|Any CPU
		{068C2C36-6A98-436C-817E-B50A3314899B}.AppStore|x64.Build.0 = Debug|Any CPU
		{068C2C36-6A98-436C-817E-B50A3314899B}.AppStore|x64.Deploy.0 = Debug|Any CPU
		{068C2C36-6A98-436C-817E-B50A3314899B}.AppStore|x86.ActiveCfg = Debug|Any CPU
		{068C2C36-6A98-436C-817E-B50A3314899B}.AppStore|x86.Build.0 = Debug|Any CPU
		{068C2C36-6A98-436C-817E-B50A3314899B}.AppStore|x86.Deploy.0 = Debug|Any CPU
		{068C2C36-6A98-436C-817E-B50A3314899B}.Debug|Any CPU.ActiveCfg = Debug|Any CPU
		{068C2C36-6A98-436C-817E-B50A3314899B}.Debug|Any CPU.Build.0 = Debug|Any CPU
		{068C2C36-6A98-436C-817E-B50A3314899B}.Debug|Any CPU.Deploy.0 = Debug|Any CPU
		{068C2C36-6A98-436C-817E-B50A3314899B}.Debug|ARM.ActiveCfg = Debug|Any CPU
		{068C2C36-6A98-436C-817E-B50A3314899B}.Debug|ARM.Build.0 = Debug|Any CPU
		{068C2C36-6A98-436C-817E-B50A3314899B}.Debug|ARM.Deploy.0 = Debug|Any CPU
		{068C2C36-6A98-436C-817E-B50A3314899B}.Debug|iPhone.ActiveCfg = Debug|Any CPU
		{068C2C36-6A98-436C-817E-B50A3314899B}.Debug|iPhone.Build.0 = Debug|Any CPU
		{068C2C36-6A98-436C-817E-B50A3314899B}.Debug|iPhone.Deploy.0 = Debug|Any CPU
		{068C2C36-6A98-436C-817E-B50A3314899B}.Debug|iPhoneSimulator.ActiveCfg = Debug|Any CPU
		{068C2C36-6A98-436C-817E-B50A3314899B}.Debug|iPhoneSimulator.Build.0 = Debug|Any CPU
		{068C2C36-6A98-436C-817E-B50A3314899B}.Debug|iPhoneSimulator.Deploy.0 = Debug|Any CPU
		{068C2C36-6A98-436C-817E-B50A3314899B}.Debug|x64.ActiveCfg = Debug|Any CPU
		{068C2C36-6A98-436C-817E-B50A3314899B}.Debug|x64.Build.0 = Debug|Any CPU
		{068C2C36-6A98-436C-817E-B50A3314899B}.Debug|x64.Deploy.0 = Debug|Any CPU
		{068C2C36-6A98-436C-817E-B50A3314899B}.Debug|x86.ActiveCfg = Debug|Any CPU
		{068C2C36-6A98-436C-817E-B50A3314899B}.Debug|x86.Build.0 = Debug|Any CPU
		{068C2C36-6A98-436C-817E-B50A3314899B}.Debug|x86.Deploy.0 = Debug|Any CPU
		{068C2C36-6A98-436C-817E-B50A3314899B}.Release|Any CPU.ActiveCfg = Release|Any CPU
		{068C2C36-6A98-436C-817E-B50A3314899B}.Release|Any CPU.Build.0 = Release|Any CPU
		{068C2C36-6A98-436C-817E-B50A3314899B}.Release|Any CPU.Deploy.0 = Release|Any CPU
		{068C2C36-6A98-436C-817E-B50A3314899B}.Release|ARM.ActiveCfg = Release|Any CPU
		{068C2C36-6A98-436C-817E-B50A3314899B}.Release|ARM.Build.0 = Release|Any CPU
		{068C2C36-6A98-436C-817E-B50A3314899B}.Release|ARM.Deploy.0 = Release|Any CPU
		{068C2C36-6A98-436C-817E-B50A3314899B}.Release|iPhone.ActiveCfg = Release|Any CPU
		{068C2C36-6A98-436C-817E-B50A3314899B}.Release|iPhone.Build.0 = Release|Any CPU
		{068C2C36-6A98-436C-817E-B50A3314899B}.Release|iPhone.Deploy.0 = Release|Any CPU
		{068C2C36-6A98-436C-817E-B50A3314899B}.Release|iPhoneSimulator.ActiveCfg = Release|Any CPU
		{068C2C36-6A98-436C-817E-B50A3314899B}.Release|iPhoneSimulator.Build.0 = Release|Any CPU
		{068C2C36-6A98-436C-817E-B50A3314899B}.Release|iPhoneSimulator.Deploy.0 = Release|Any CPU
		{068C2C36-6A98-436C-817E-B50A3314899B}.Release|x64.ActiveCfg = Release|Any CPU
		{068C2C36-6A98-436C-817E-B50A3314899B}.Release|x64.Build.0 = Release|Any CPU
		{068C2C36-6A98-436C-817E-B50A3314899B}.Release|x64.Deploy.0 = Release|Any CPU
		{068C2C36-6A98-436C-817E-B50A3314899B}.Release|x86.ActiveCfg = Release|Any CPU
		{068C2C36-6A98-436C-817E-B50A3314899B}.Release|x86.Build.0 = Release|Any CPU
		{068C2C36-6A98-436C-817E-B50A3314899B}.Release|x86.Deploy.0 = Release|Any CPU
		{23DFDF34-F014-493C-A0C4-F385088AAD8C}.Ad-Hoc|Any CPU.ActiveCfg = Debug|Any CPU
		{23DFDF34-F014-493C-A0C4-F385088AAD8C}.Ad-Hoc|Any CPU.Build.0 = Debug|Any CPU
		{23DFDF34-F014-493C-A0C4-F385088AAD8C}.Ad-Hoc|ARM.ActiveCfg = Debug|Any CPU
		{23DFDF34-F014-493C-A0C4-F385088AAD8C}.Ad-Hoc|ARM.Build.0 = Debug|Any CPU
		{23DFDF34-F014-493C-A0C4-F385088AAD8C}.Ad-Hoc|iPhone.ActiveCfg = Debug|Any CPU
		{23DFDF34-F014-493C-A0C4-F385088AAD8C}.Ad-Hoc|iPhone.Build.0 = Debug|Any CPU
		{23DFDF34-F014-493C-A0C4-F385088AAD8C}.Ad-Hoc|iPhoneSimulator.ActiveCfg = Debug|Any CPU
		{23DFDF34-F014-493C-A0C4-F385088AAD8C}.Ad-Hoc|iPhoneSimulator.Build.0 = Debug|Any CPU
		{23DFDF34-F014-493C-A0C4-F385088AAD8C}.Ad-Hoc|x64.ActiveCfg = Debug|Any CPU
		{23DFDF34-F014-493C-A0C4-F385088AAD8C}.Ad-Hoc|x64.Build.0 = Debug|Any CPU
		{23DFDF34-F014-493C-A0C4-F385088AAD8C}.Ad-Hoc|x86.ActiveCfg = Debug|Any CPU
		{23DFDF34-F014-493C-A0C4-F385088AAD8C}.Ad-Hoc|x86.Build.0 = Debug|Any CPU
		{23DFDF34-F014-493C-A0C4-F385088AAD8C}.AppStore|Any CPU.ActiveCfg = Debug|Any CPU
		{23DFDF34-F014-493C-A0C4-F385088AAD8C}.AppStore|Any CPU.Build.0 = Debug|Any CPU
		{23DFDF34-F014-493C-A0C4-F385088AAD8C}.AppStore|ARM.ActiveCfg = Debug|Any CPU
		{23DFDF34-F014-493C-A0C4-F385088AAD8C}.AppStore|ARM.Build.0 = Debug|Any CPU
		{23DFDF34-F014-493C-A0C4-F385088AAD8C}.AppStore|iPhone.ActiveCfg = Debug|Any CPU
		{23DFDF34-F014-493C-A0C4-F385088AAD8C}.AppStore|iPhone.Build.0 = Debug|Any CPU
		{23DFDF34-F014-493C-A0C4-F385088AAD8C}.AppStore|iPhoneSimulator.ActiveCfg = Debug|Any CPU
		{23DFDF34-F014-493C-A0C4-F385088AAD8C}.AppStore|iPhoneSimulator.Build.0 = Debug|Any CPU
		{23DFDF34-F014-493C-A0C4-F385088AAD8C}.AppStore|x64.ActiveCfg = Debug|Any CPU
		{23DFDF34-F014-493C-A0C4-F385088AAD8C}.AppStore|x64.Build.0 = Debug|Any CPU
		{23DFDF34-F014-493C-A0C4-F385088AAD8C}.AppStore|x86.ActiveCfg = Debug|Any CPU
		{23DFDF34-F014-493C-A0C4-F385088AAD8C}.AppStore|x86.Build.0 = Debug|Any CPU
		{23DFDF34-F014-493C-A0C4-F385088AAD8C}.Debug|Any CPU.ActiveCfg = Debug|Any CPU
		{23DFDF34-F014-493C-A0C4-F385088AAD8C}.Debug|Any CPU.Build.0 = Debug|Any CPU
		{23DFDF34-F014-493C-A0C4-F385088AAD8C}.Debug|ARM.ActiveCfg = Debug|Any CPU
		{23DFDF34-F014-493C-A0C4-F385088AAD8C}.Debug|ARM.Build.0 = Debug|Any CPU
		{23DFDF34-F014-493C-A0C4-F385088AAD8C}.Debug|iPhone.ActiveCfg = Debug|Any CPU
		{23DFDF34-F014-493C-A0C4-F385088AAD8C}.Debug|iPhone.Build.0 = Debug|Any CPU
		{23DFDF34-F014-493C-A0C4-F385088AAD8C}.Debug|iPhoneSimulator.ActiveCfg = Debug|Any CPU
		{23DFDF34-F014-493C-A0C4-F385088AAD8C}.Debug|iPhoneSimulator.Build.0 = Debug|Any CPU
		{23DFDF34-F014-493C-A0C4-F385088AAD8C}.Debug|x64.ActiveCfg = Debug|Any CPU
		{23DFDF34-F014-493C-A0C4-F385088AAD8C}.Debug|x64.Build.0 = Debug|Any CPU
		{23DFDF34-F014-493C-A0C4-F385088AAD8C}.Debug|x86.ActiveCfg = Debug|Any CPU
		{23DFDF34-F014-493C-A0C4-F385088AAD8C}.Debug|x86.Build.0 = Debug|Any CPU
		{23DFDF34-F014-493C-A0C4-F385088AAD8C}.Release|Any CPU.ActiveCfg = Release|Any CPU
		{23DFDF34-F014-493C-A0C4-F385088AAD8C}.Release|Any CPU.Build.0 = Release|Any CPU
		{23DFDF34-F014-493C-A0C4-F385088AAD8C}.Release|ARM.ActiveCfg = Release|Any CPU
		{23DFDF34-F014-493C-A0C4-F385088AAD8C}.Release|ARM.Build.0 = Release|Any CPU
		{23DFDF34-F014-493C-A0C4-F385088AAD8C}.Release|iPhone.ActiveCfg = Release|Any CPU
		{23DFDF34-F014-493C-A0C4-F385088AAD8C}.Release|iPhone.Build.0 = Release|Any CPU
		{23DFDF34-F014-493C-A0C4-F385088AAD8C}.Release|iPhoneSimulator.ActiveCfg = Release|Any CPU
		{23DFDF34-F014-493C-A0C4-F385088AAD8C}.Release|iPhoneSimulator.Build.0 = Release|Any CPU
		{23DFDF34-F014-493C-A0C4-F385088AAD8C}.Release|x64.ActiveCfg = Release|Any CPU
		{23DFDF34-F014-493C-A0C4-F385088AAD8C}.Release|x64.Build.0 = Release|Any CPU
		{23DFDF34-F014-493C-A0C4-F385088AAD8C}.Release|x86.ActiveCfg = Release|Any CPU
		{23DFDF34-F014-493C-A0C4-F385088AAD8C}.Release|x86.Build.0 = Release|Any CPU
	EndGlobalSection
	GlobalSection(SolutionProperties) = preSolution
		HideSolutionNode = FALSE
	EndGlobalSection
	GlobalSection(ExtensibilityGlobals) = postSolution
		SolutionGuid = {D941A1D2-CD93-4D3A-B23F-1AE307D9E259}
	EndGlobalSection
EndGlobal
